# generated by rye
# use `rye lock` or `rye sync` to update this lockfile
#
# last locked with the following flags:
#   pre: false
#   features: []
#   all-features: false
#   with-sources: false
#   generate-hashes: false
#   universal: false

-e file:.
accelerate==1.3.0
    # via peft
    # via trl
aiohappyeyeballs==2.4.4
    # via aiohttp
aiohttp==3.11.12
    # via aiohttp-cors
    # via datasets
    # via fsspec
    # via ray
    # via vllm
aiohttp-cors==0.7.0
    # via ray
aiosignal==1.3.2
    # via aiohttp
    # via ray
airportsdata==20241001
    # via outlines
annotated-types==0.7.0
    # via pydantic
anyio==4.8.0
    # via httpx
    # via openai
    # via starlette
    # via watchfiles
astor==0.8.1
    # via depyf
attrs==25.1.0
    # via aiohttp
    # via jsonschema
    # via referencing
black==25.1.0
    # via formalize
blake3==1.0.4
    # via vllm
cachetools==5.5.1
    # via google-auth
certifi==2025.1.31
    # via elasticsearch
    # via httpcore
    # via httpx
    # via requests
charset-normalizer==3.4.1
    # via requests
click==8.1.8
    # via black
    # via ray
    # via uvicorn
cloudpickle==3.1.1
    # via outlines
    # via vllm
colorful==0.5.6
    # via ray
compressed-tensors==0.9.1
    # via vllm
datasets==3.2.0
    # via formalize
    # via trl
depyf==0.18.0
    # via vllm
dill==0.3.8
    # via datasets
    # via depyf
    # via multiprocess
diskcache==5.6.3
    # via outlines
distlib==0.3.9
    # via virtualenv
distro==1.9.0
    # via openai
einops==0.8.0
    # via vllm
elasticsearch==7.17.3
    # via formalize
fastapi==0.115.8
    # via vllm
filelock==3.17.0
    # via datasets
    # via huggingface-hub
    # via ray
    # via torch
    # via transformers
    # via triton
    # via virtualenv
    # via vllm
frozenlist==1.5.0
    # via aiohttp
    # via aiosignal
    # via ray
fsspec==2024.9.0
    # via datasets
    # via huggingface-hub
    # via torch
gguf==0.10.0
    # via vllm
google-api-core==2.24.1
    # via opencensus
google-auth==2.38.0
    # via google-api-core
googleapis-common-protos==1.66.0
    # via google-api-core
grpcio==1.70.0
    # via ray
h11==0.14.0
    # via httpcore
    # via uvicorn
httpcore==1.0.7
    # via httpx
httptools==0.6.4
    # via uvicorn
httpx==0.28.1
    # via openai
huggingface-hub==0.28.1
    # via accelerate
    # via datasets
    # via peft
    # via tokenizers
    # via transformers
idna==3.10
    # via anyio
    # via httpx
    # via requests
    # via yarl
importlib-metadata==8.6.1
    # via vllm
iniconfig==2.0.0
    # via pytest
interegular==0.3.3
    # via lm-format-enforcer
    # via outlines
    # via outlines-core
jinja2==3.1.5
    # via outlines
    # via torch
jiter==0.8.2
    # via openai
joblib==1.4.2
    # via scikit-learn
jsonschema==4.23.0
    # via mistral-common
    # via outlines
    # via outlines-core
    # via ray
jsonschema-specifications==2024.10.1
    # via jsonschema
lark==1.2.2
    # via outlines
    # via vllm
lm-format-enforcer==0.10.9
    # via vllm
markdown-it-py==3.0.0
    # via rich
markupsafe==3.0.2
    # via jinja2
mdurl==0.1.2
    # via markdown-it-py
mistral-common==1.5.2
    # via vllm
mpmath==1.3.0
    # via sympy
msgpack==1.1.0
    # via ray
msgspec==0.19.0
    # via vllm
multidict==6.1.0
    # via aiohttp
    # via yarl
multiprocess==0.70.16
    # via datasets
mypy-extensions==1.0.0
    # via black
nest-asyncio==1.6.0
    # via outlines
networkx==3.4.2
    # via torch
numpy==1.26.4
    # via accelerate
    # via datasets
    # via gguf
    # via mistral-common
    # via opencv-python-headless
    # via outlines
    # via pandas
    # via peft
    # via scikit-learn
    # via scipy
    # via torchvision
    # via transformers
    # via vllm
    # via xformers
nvidia-cublas-cu12==12.4.5.8
    # via nvidia-cudnn-cu12
    # via nvidia-cusolver-cu12
    # via torch
nvidia-cuda-cupti-cu12==12.4.127
    # via torch
nvidia-cuda-nvrtc-cu12==12.4.127
    # via torch
nvidia-cuda-runtime-cu12==12.4.127
    # via torch
nvidia-cudnn-cu12==9.1.0.70
    # via torch
nvidia-cufft-cu12==11.2.1.3
    # via torch
nvidia-curand-cu12==10.3.5.147
    # via torch
nvidia-cusolver-cu12==11.6.1.9
    # via torch
nvidia-cusparse-cu12==12.3.1.170
    # via nvidia-cusolver-cu12
    # via torch
nvidia-ml-py==12.570.86
    # via vllm
nvidia-nccl-cu12==2.21.5
    # via torch
nvidia-nvjitlink-cu12==12.4.127
    # via nvidia-cusolver-cu12
    # via nvidia-cusparse-cu12
    # via torch
nvidia-nvtx-cu12==12.4.127
    # via torch
openai==1.61.1
    # via formalize
    # via vllm
opencensus==0.11.4
    # via ray
opencensus-context==0.1.3
    # via opencensus
opencv-python-headless==4.11.0.86
    # via mistral-common
outlines==0.1.11
    # via vllm
outlines-core==0.1.26
    # via outlines
packaging==24.2
    # via accelerate
    # via black
    # via datasets
    # via huggingface-hub
    # via lm-format-enforcer
    # via peft
    # via pytest
    # via ray
    # via transformers
pandas==2.2.3
    # via datasets
    # via formalize
partial-json-parser==0.2.1.1.post5
    # via vllm
pathspec==0.12.1
    # via black
peft==0.14.0
    # via formalize
pillow==10.4.0
    # via mistral-common
    # via torchvision
    # via vllm
platformdirs==4.3.6
    # via black
    # via virtualenv
pluggy==1.5.0
    # via pytest
prometheus-client==0.21.1
    # via prometheus-fastapi-instrumentator
    # via ray
    # via vllm
prometheus-fastapi-instrumentator==7.0.2
    # via vllm
propcache==0.2.1
    # via aiohttp
    # via yarl
proto-plus==1.26.0
    # via google-api-core
protobuf==5.29.3
    # via google-api-core
    # via googleapis-common-protos
    # via proto-plus
    # via ray
    # via vllm
psutil==6.1.1
    # via accelerate
    # via peft
    # via vllm
py-cpuinfo==9.0.0
    # via vllm
py-spy==0.4.0
    # via ray
pyarrow==19.0.0
    # via datasets
pyasn1==0.6.1
    # via pyasn1-modules
    # via rsa
pyasn1-modules==0.4.1
    # via google-auth
pybind11==2.13.6
    # via xgrammar
pycountry==24.6.1
    # via outlines
pydantic==2.10.6
    # via compressed-tensors
    # via fastapi
    # via lm-format-enforcer
    # via mistral-common
    # via openai
    # via outlines
    # via ray
    # via vllm
    # via xgrammar
pydantic-core==2.27.2
    # via pydantic
pygments==2.19.1
    # via rich
pytest==8.3.4
    # via xgrammar
python-dateutil==2.9.0.post0
    # via pandas
python-dotenv==1.0.1
    # via uvicorn
pytz==2025.1
    # via pandas
pyyaml==6.0.2
    # via accelerate
    # via datasets
    # via gguf
    # via huggingface-hub
    # via lm-format-enforcer
    # via peft
    # via ray
    # via transformers
    # via uvicorn
    # via vllm
pyzmq==26.2.1
    # via vllm
ray==2.42.0
    # via vllm
referencing==0.36.2
    # via jsonschema
    # via jsonschema-specifications
    # via outlines
regex==2024.11.6
    # via tiktoken
    # via transformers
requests==2.32.3
    # via datasets
    # via google-api-core
    # via huggingface-hub
    # via mistral-common
    # via outlines
    # via ray
    # via tiktoken
    # via transformers
    # via vllm
rich==13.9.4
    # via trl
rpds-py==0.22.3
    # via jsonschema
    # via referencing
rsa==4.9
    # via google-auth
safetensors==0.5.2
    # via accelerate
    # via peft
    # via transformers
scikit-learn==1.6.1
    # via formalize
scipy==1.15.1
    # via scikit-learn
sentencepiece==0.2.0
    # via mistral-common
    # via vllm
    # via xgrammar
setuptools==75.8.0
    # via torch
    # via vllm
six==1.17.0
    # via opencensus
    # via python-dateutil
    # via vllm
smart-open==7.1.0
    # via ray
sniffio==1.3.1
    # via anyio
    # via openai
starlette==0.45.3
    # via fastapi
    # via prometheus-fastapi-instrumentator
sympy==1.13.1
    # via torch
threadpoolctl==3.5.0
    # via scikit-learn
tiktoken==0.7.0
    # via mistral-common
    # via vllm
    # via xgrammar
tokenizers==0.21.0
    # via transformers
    # via vllm
torch==2.5.1
    # via accelerate
    # via compressed-tensors
    # via outlines
    # via peft
    # via torchaudio
    # via torchvision
    # via vllm
    # via xformers
    # via xgrammar
torchaudio==2.5.1
    # via vllm
torchvision==0.20.1
    # via vllm
tqdm==4.67.1
    # via datasets
    # via gguf
    # via huggingface-hub
    # via openai
    # via outlines
    # via peft
    # via transformers
    # via vllm
transformers==4.48.2
    # via compressed-tensors
    # via formalize
    # via peft
    # via trl
    # via vllm
    # via xgrammar
triton==3.1.0
    # via torch
trl==0.14.0
    # via formalize
typing-extensions==4.12.2
    # via anyio
    # via fastapi
    # via huggingface-hub
    # via mistral-common
    # via openai
    # via outlines
    # via pydantic
    # via pydantic-core
    # via referencing
    # via torch
    # via vllm
tzdata==2025.1
    # via pandas
urllib3==1.26.20
    # via elasticsearch
    # via requests
uvicorn==0.34.0
    # via vllm
uvloop==0.21.0
    # via uvicorn
virtualenv==20.29.1
    # via ray
vllm==0.7.2
    # via formalize
watchfiles==1.0.4
    # via uvicorn
websockets==14.2
    # via uvicorn
wrapt==1.17.2
    # via smart-open
xformers==0.0.28.post3
    # via vllm
xgrammar==0.1.11
    # via vllm
xxhash==3.5.0
    # via datasets
yarl==1.18.3
    # via aiohttp
zipp==3.21.0
    # via importlib-metadata
