# generated by rye
# use `rye lock` or `rye sync` to update this lockfile
#
# last locked with the following flags:
#   pre: false
#   features: []
#   all-features: false
#   with-sources: false
#   generate-hashes: false
#   universal: false

-e file:.
accelerate==1.3.0
    # via peft
    # via trl
aiohappyeyeballs==2.4.4
    # via aiohttp
aiohttp==3.11.12
    # via datasets
    # via fsspec
aiosignal==1.3.2
    # via aiohttp
annotated-types==0.7.0
    # via pydantic
anyio==4.8.0
    # via httpx
    # via openai
attrs==25.1.0
    # via aiohttp
certifi==2025.1.31
    # via elasticsearch
    # via httpcore
    # via httpx
    # via requests
charset-normalizer==3.4.1
    # via requests
click==8.1.8
    # via typer
datasets==3.2.0
    # via formalize
    # via trl
dill==0.3.8
    # via datasets
    # via multiprocess
distro==1.9.0
    # via openai
filelock==3.17.0
    # via datasets
    # via huggingface-hub
    # via torch
    # via transformers
frozenlist==1.5.0
    # via aiohttp
    # via aiosignal
fsspec==2024.9.0
    # via datasets
    # via huggingface-hub
    # via torch
h11==0.14.0
    # via httpcore
httpcore==1.0.7
    # via httpx
httpx==0.28.1
    # via openai
huggingface-hub==0.28.1
    # via accelerate
    # via datasets
    # via peft
    # via tokenizers
    # via transformers
idna==3.10
    # via anyio
    # via httpx
    # via requests
    # via yarl
jinja2==3.1.5
    # via torch
jiter==0.8.2
    # via openai
joblib==1.4.2
    # via scikit-learn
markdown-it-py==3.0.0
    # via rich
markupsafe==3.0.2
    # via jinja2
mdurl==0.1.2
    # via markdown-it-py
mpmath==1.3.0
    # via sympy
multidict==6.1.0
    # via aiohttp
    # via yarl
multiprocess==0.70.16
    # via datasets
networkx==3.4.2
    # via torch
numpy==1.26.4
    # via accelerate
    # via datasets
    # via pandas
    # via peft
    # via scikit-learn
    # via scipy
    # via transformers
openai==1.61.1
    # via formalize
packaging==24.2
    # via accelerate
    # via black
    # via datasets
    # via huggingface-hub
    # via peft
    # via transformers
pandas==2.2.3
    # via datasets
    # via formalize
peft==0.14.0
    # via formalize
propcache==0.2.1
    # via aiohttp
    # via yarl
protobuf==5.29.3
    # via formalize
psutil==6.1.1
    # via accelerate
    # via peft
pyarrow==19.0.0
    # via datasets
pydantic==2.10.6
    # via openai
pydantic-core==2.27.2
    # via pydantic
pygments==2.19.1
    # via rich
pytest==8.3.4
    # via xgrammar
python-dateutil==2.9.0.post0
    # via pandas
pytz==2025.1
    # via pandas
pyyaml==6.0.2
    # via accelerate
    # via datasets
    # via huggingface-hub
    # via peft
    # via transformers
regex==2024.11.6
    # via transformers
requests==2.32.3
    # via datasets
    # via huggingface-hub
    # via transformers
rich==13.9.4
    # via trl
    # via typer
safetensors==0.5.2
    # via accelerate
    # via peft
    # via transformers
scikit-learn==1.6.1
    # via formalize
scipy==1.15.1
    # via scikit-learn
sentencepiece==0.2.0
    # via formalize
setuptools==75.8.0
    # via torch
shellingham==1.5.4
    # via typer
six==1.17.0
    # via python-dateutil
sniffio==1.3.1
    # via anyio
    # via openai
sympy==1.13.1
    # via torch
threadpoolctl==3.5.0
    # via scikit-learn
tokenizers==0.21.0
    # via transformers
torch==2.6.0
    # via accelerate
    # via formalize
    # via peft
tqdm==4.67.1
    # via datasets
    # via formalize
    # via huggingface-hub
    # via openai
    # via peft
    # via transformers
transformers==4.48.2
    # via formalize
    # via peft
    # via trl
trl==0.14.0
    # via formalize
typer==0.15.1
    # via formalize
typing-extensions==4.12.2
    # via anyio
    # via huggingface-hub
    # via openai
    # via pydantic
    # via pydantic-core
    # via torch
    # via typer
tzdata==2025.1
    # via pandas
urllib3==1.26.20
    # via elasticsearch
    # via requests
xxhash==3.5.0
    # via datasets
yarl==1.18.3
    # via aiohttp
